
Microsoft Visual Studio Solution File, Format Version 12.00
# Visual Studio 15
VisualStudioVersion = 15.0.26124.0
MinimumVisualStudioVersion = 15.0.26124.0
Project("{FAE04EC0-301F-11D3-BF4B-00C04F79EFBC}") = "Domain", "Domain\Domain.csproj", "{B865A3B3-A8FA-4E0E-A3B8-F06BD1007E2D}"
EndProject
Project("{FAE04EC0-301F-11D3-BF4B-00C04F79EFBC}") = "Application", "Application\Application.csproj", "{B91C9D02-0827-4668-A8C7-B247CE32C2A2}"
EndProject
Project("{FAE04EC0-301F-11D3-BF4B-00C04F79EFBC}") = "Persistence", "Persistence\Persistence.csproj", "{31B888AE-B765-4D2C-BAF3-6C1F9C7B60E0}"
EndProject
Project("{FAE04EC0-301F-11D3-BF4B-00C04F79EFBC}") = "API", "API\API.csproj", "{A201656C-D047-4EA6-89A4-B433D9FB70B6}"
EndProject
Global
	GlobalSection(SolutionConfigurationPlatforms) = preSolution
		Debug|Any CPU = Debug|Any CPU
		Debug|x64 = Debug|x64
		Debug|x86 = Debug|x86
		Release|Any CPU = Release|Any CPU
		Release|x64 = Release|x64
		Release|x86 = Release|x86
	EndGlobalSection
	GlobalSection(SolutionProperties) = preSolution
		HideSolutionNode = FALSE
	EndGlobalSection
	GlobalSection(ProjectConfigurationPlatforms) = postSolution
		{B865A3B3-A8FA-4E0E-A3B8-F06BD1007E2D}.Debug|Any CPU.ActiveCfg = Debug|Any CPU
		{B865A3B3-A8FA-4E0E-A3B8-F06BD1007E2D}.Debug|Any CPU.Build.0 = Debug|Any CPU
		{B865A3B3-A8FA-4E0E-A3B8-F06BD1007E2D}.Debug|x64.ActiveCfg = Debug|Any CPU
		{B865A3B3-A8FA-4E0E-A3B8-F06BD1007E2D}.Debug|x64.Build.0 = Debug|Any CPU
		{B865A3B3-A8FA-4E0E-A3B8-F06BD1007E2D}.Debug|x86.ActiveCfg = Debug|Any CPU
		{B865A3B3-A8FA-4E0E-A3B8-F06BD1007E2D}.Debug|x86.Build.0 = Debug|Any CPU
		{B865A3B3-A8FA-4E0E-A3B8-F06BD1007E2D}.Release|Any CPU.ActiveCfg = Release|Any CPU
		{B865A3B3-A8FA-4E0E-A3B8-F06BD1007E2D}.Release|Any CPU.Build.0 = Release|Any CPU
		{B865A3B3-A8FA-4E0E-A3B8-F06BD1007E2D}.Release|x64.ActiveCfg = Release|Any CPU
		{B865A3B3-A8FA-4E0E-A3B8-F06BD1007E2D}.Release|x64.Build.0 = Release|Any CPU
		{B865A3B3-A8FA-4E0E-A3B8-F06BD1007E2D}.Release|x86.ActiveCfg = Release|Any CPU
		{B865A3B3-A8FA-4E0E-A3B8-F06BD1007E2D}.Release|x86.Build.0 = Release|Any CPU
		{B91C9D02-0827-4668-A8C7-B247CE32C2A2}.Debug|Any CPU.ActiveCfg = Debug|Any CPU
		{B91C9D02-0827-4668-A8C7-B247CE32C2A2}.Debug|Any CPU.Build.0 = Debug|Any CPU
		{B91C9D02-0827-4668-A8C7-B247CE32C2A2}.Debug|x64.ActiveCfg = Debug|Any CPU
		{B91C9D02-0827-4668-A8C7-B247CE32C2A2}.Debug|x64.Build.0 = Debug|Any CPU
		{B91C9D02-0827-4668-A8C7-B247CE32C2A2}.Debug|x86.ActiveCfg = Debug|Any CPU
		{B91C9D02-0827-4668-A8C7-B247CE32C2A2}.Debug|x86.Build.0 = Debug|Any CPU
		{B91C9D02-0827-4668-A8C7-B247CE32C2A2}.Release|Any CPU.ActiveCfg = Release|Any CPU
		{B91C9D02-0827-4668-A8C7-B247CE32C2A2}.Release|Any CPU.Build.0 = Release|Any CPU
		{B91C9D02-0827-4668-A8C7-B247CE32C2A2}.Release|x64.ActiveCfg = Release|Any CPU
		{B91C9D02-0827-4668-A8C7-B247CE32C2A2}.Release|x64.Build.0 = Release|Any CPU
		{B91C9D02-0827-4668-A8C7-B247CE32C2A2}.Release|x86.ActiveCfg = Release|Any CPU
		{B91C9D02-0827-4668-A8C7-B247CE32C2A2}.Release|x86.Build.0 = Release|Any CPU
		{31B888AE-B765-4D2C-BAF3-6C1F9C7B60E0}.Debug|Any CPU.ActiveCfg = Debug|Any CPU
		{31B888AE-B765-4D2C-BAF3-6C1F9C7B60E0}.Debug|Any CPU.Build.0 = Debug|Any CPU
		{31B888AE-B765-4D2C-BAF3-6C1F9C7B60E0}.Debug|x64.ActiveCfg = Debug|Any CPU
		{31B888AE-B765-4D2C-BAF3-6C1F9C7B60E0}.Debug|x64.Build.0 = Debug|Any CPU
		{31B888AE-B765-4D2C-BAF3-6C1F9C7B60E0}.Debug|x86.ActiveCfg = Debug|Any CPU
		{31B888AE-B765-4D2C-BAF3-6C1F9C7B60E0}.Debug|x86.Build.0 = Debug|Any CPU
		{31B888AE-B765-4D2C-BAF3-6C1F9C7B60E0}.Release|Any CPU.ActiveCfg = Release|Any CPU
		{31B888AE-B765-4D2C-BAF3-6C1F9C7B60E0}.Release|Any CPU.Build.0 = Release|Any CPU
		{31B888AE-B765-4D2C-BAF3-6C1F9C7B60E0}.Release|x64.ActiveCfg = Release|Any CPU
		{31B888AE-B765-4D2C-BAF3-6C1F9C7B60E0}.Release|x64.Build.0 = Release|Any CPU
		{31B888AE-B765-4D2C-BAF3-6C1F9C7B60E0}.Release|x86.ActiveCfg = Release|Any CPU
		{31B888AE-B765-4D2C-BAF3-6C1F9C7B60E0}.Release|x86.Build.0 = Release|Any CPU
		{A201656C-D047-4EA6-89A4-B433D9FB70B6}.Debug|Any CPU.ActiveCfg = Debug|Any CPU
		{A201656C-D047-4EA6-89A4-B433D9FB70B6}.Debug|Any CPU.Build.0 = Debug|Any CPU
		{A201656C-D047-4EA6-89A4-B433D9FB70B6}.Debug|x64.ActiveCfg = Debug|Any CPU
		{A201656C-D047-4EA6-89A4-B433D9FB70B6}.Debug|x64.Build.0 = Debug|Any CPU
		{A201656C-D047-4EA6-89A4-B433D9FB70B6}.Debug|x86.ActiveCfg = Debug|Any CPU
		{A201656C-D047-4EA6-89A4-B433D9FB70B6}.Debug|x86.Build.0 = Debug|Any CPU
		{A201656C-D047-4EA6-89A4-B433D9FB70B6}.Release|Any CPU.ActiveCfg = Release|Any CPU
		{A201656C-D047-4EA6-89A4-B433D9FB70B6}.Release|Any CPU.Build.0 = Release|Any CPU
		{A201656C-D047-4EA6-89A4-B433D9FB70B6}.Release|x64.ActiveCfg = Release|Any CPU
		{A201656C-D047-4EA6-89A4-B433D9FB70B6}.Release|x64.Build.0 = Release|Any CPU
		{A201656C-D047-4EA6-89A4-B433D9FB70B6}.Release|x86.ActiveCfg = Release|Any CPU
		{A201656C-D047-4EA6-89A4-B433D9FB70B6}.Release|x86.Build.0 = Release|Any CPU
	EndGlobalSection
EndGlobal
